
Microsoft Visual Studio Solution File, Format Version 12.00
# Visual Studio Version 16
VisualStudioVersion = 16.0.810.8
MinimumVisualStudioVersion = 10.0.40219.1
Project("{FAE04EC0-301F-11D3-BF4B-00C04F79EFBC}") = "ArrayÖvning", "ArrayÖvning\ArrayÖvning.csproj", "{DA40FB7C-0306-4598-950E-1F24156B74CA}"
EndProject
Global
	GlobalSection(SolutionConfigurationPlatforms) = preSolution
		Debug|Any CPU = Debug|Any CPU
		Release|Any CPU = Release|Any CPU
	EndGlobalSection
	GlobalSection(ProjectConfigurationPlatforms) = postSolution
		{DA40FB7C-0306-4598-950E-1F24156B74CA}.Debug|Any CPU.ActiveCfg = Debug|Any CPU
		{DA40FB7C-0306-4598-950E-1F24156B74CA}.Debug|Any CPU.Build.0 = Debug|Any CPU
		{DA40FB7C-0306-4598-950E-1F24156B74CA}.Release|Any CPU.ActiveCfg = Release|Any CPU
		{DA40FB7C-0306-4598-950E-1F24156B74CA}.Release|Any CPU.Build.0 = Release|Any CPU
	EndGlobalSection
	GlobalSection(SolutionProperties) = preSolution
		HideSolutionNode = FALSE
	EndGlobalSection
	GlobalSection(ExtensibilityGlobals) = postSolution
		SolutionGuid = {746D3951-6FCD-44BD-B5CE-9DC40B9636A2}
	EndGlobalSection
EndGlobal
